
Microsoft Visual Studio Solution File, Format Version 12.00
# Visual Studio Version 17
VisualStudioVersion = 17.0.31903.59
MinimumVisualStudioVersion = 10.0.40219.1
Project("{2150E333-8FDC-42A3-9474-1A3956D46DE8}") = "src", "src", "{60CF0417-A50F-4501-84F4-733AF50C117B}"
EndProject
Project("{FAE04EC0-301F-11D3-BF4B-00C04F79EFBC}") = "Library", "src\Library\Library.csproj", "{101B9D0E-1A40-4628-8928-96B9F387FE02}"
EndProject
Project("{FAE04EC0-301F-11D3-BF4B-00C04F79EFBC}") = "Program", "src\Program\Program.csproj", "{04673011-59D8-4295-AA51-C6A54FC67CA5}"
EndProject
Project("{2150E333-8FDC-42A3-9474-1A3956D46DE8}") = "test", "test", "{BB088F73-0EC6-47C3-AF0B-FE076C7305C4}"
EndProject
Project("{FAE04EC0-301F-11D3-BF4B-00C04F79EFBC}") = "Library.Tests", "test\Library.Tests\Library.Tests.csproj", "{25BBB622-5F0D-4189-B32A-AD9761B09253}"
EndProject
Global
	GlobalSection(SolutionConfigurationPlatforms) = preSolution
		Debug|Any CPU = Debug|Any CPU
		Release|Any CPU = Release|Any CPU
	EndGlobalSection
	GlobalSection(SolutionProperties) = preSolution
		HideSolutionNode = FALSE
	EndGlobalSection
	GlobalSection(ProjectConfigurationPlatforms) = postSolution
		{101B9D0E-1A40-4628-8928-96B9F387FE02}.Debug|Any CPU.ActiveCfg = Debug|Any CPU
		{101B9D0E-1A40-4628-8928-96B9F387FE02}.Debug|Any CPU.Build.0 = Debug|Any CPU
		{101B9D0E-1A40-4628-8928-96B9F387FE02}.Release|Any CPU.ActiveCfg = Release|Any CPU
		{101B9D0E-1A40-4628-8928-96B9F387FE02}.Release|Any CPU.Build.0 = Release|Any CPU
		{04673011-59D8-4295-AA51-C6A54FC67CA5}.Debug|Any CPU.ActiveCfg = Debug|Any CPU
		{04673011-59D8-4295-AA51-C6A54FC67CA5}.Debug|Any CPU.Build.0 = Debug|Any CPU
		{04673011-59D8-4295-AA51-C6A54FC67CA5}.Release|Any CPU.ActiveCfg = Release|Any CPU
		{04673011-59D8-4295-AA51-C6A54FC67CA5}.Release|Any CPU.Build.0 = Release|Any CPU
		{25BBB622-5F0D-4189-B32A-AD9761B09253}.Debug|Any CPU.ActiveCfg = Debug|Any CPU
		{25BBB622-5F0D-4189-B32A-AD9761B09253}.Debug|Any CPU.Build.0 = Debug|Any CPU
		{25BBB622-5F0D-4189-B32A-AD9761B09253}.Release|Any CPU.ActiveCfg = Release|Any CPU
		{25BBB622-5F0D-4189-B32A-AD9761B09253}.Release|Any CPU.Build.0 = Release|Any CPU
	EndGlobalSection
	GlobalSection(NestedProjects) = preSolution
		{101B9D0E-1A40-4628-8928-96B9F387FE02} = {60CF0417-A50F-4501-84F4-733AF50C117B}
		{04673011-59D8-4295-AA51-C6A54FC67CA5} = {60CF0417-A50F-4501-84F4-733AF50C117B}
		{25BBB622-5F0D-4189-B32A-AD9761B09253} = {BB088F73-0EC6-47C3-AF0B-FE076C7305C4}
	EndGlobalSection
EndGlobal
